PODS:
  - FBSnapshotTestCase (2.1.4):
    - FBSnapshotTestCase/SwiftSupport (= 2.1.4)
  - FBSnapshotTestCase/Core (2.1.4)
  - FBSnapshotTestCase/SwiftSupport (2.1.4):
    - FBSnapshotTestCase/Core
  - LocalizationManager (0.1.1)

DEPENDENCIES:
  - FBSnapshotTestCase (~> 2.1.4)
  - LocalizationManager (from `../`)

SPEC REPOS:
  https://github.com/cocoapods/specs.git:
    - FBSnapshotTestCase

EXTERNAL SOURCES:
  LocalizationManager:
    :path: "../"

SPEC CHECKSUMS:
  FBSnapshotTestCase: 094f9f314decbabe373b87cc339bea235a63e07a
  LocalizationManager: 244a78c0d834ef2f8b46a8477e06927b1a184893

PODFILE CHECKSUM: 7358d85e899fe1ed5432fbca023b014516f9ac63

COCOAPODS: 1.7.5
